{
  "name": "referentiel-national-agrements",
  "version": "0.0.0",
  "lockfileVersion": 3,
  "requires": true,
  "packages": {
    "": {
      "name": "referentiel-national-agrements",
      "version": "0.0.0",
      "license": "Apache-2.0",
      "dependencies": {
        "@ls-lint/ls-lint": "^2.3.1"
      },
      "engines": {
        "node": "^26.8.1"
      }
    },
    "node_modules/@ls-lint/ls-lint": {
      "version": "2.3.1",
      "resolved": "https://registry.npmjs.org/@ls-lint/ls-lint/-/ls-lint-2.3.1.tgz",
      "integrity": "sha512-vPe6IDByQnQRTxcAYjTxrmga/tSIui50VBFTB5KIJWY3OOFmxE2VtymjeSEfQfiMbhZV/ZPAqYy2lt8pZFQ0Rw==",
      "cpu": [
        "x64",
        "arm64",
        "s390x",
        "ppc64le"
      ],
      "license": "MIT",
      "os": [
        "darwin",
        "linux",
        "win32"
      ],
      "bin": {
        "ls-lint": "bin/cli.js"
      }
    }
  }
}
